// !$*UTF8*$!
{
	archiveVersion = 1;
	classes = {
	};
	objectVersion = 46;
	objects = {

/* Begin PBXBuildFile section */
		200CC2661F5B4B3B003EB584 /* AppDelegate.swift in Sources */ = {isa = PBXBuildFile; fileRef = 200CC2651F5B4B3B003EB584 /* AppDelegate.swift */; };
		200CC2681F5B4B3B003EB584 /* ViewController.swift in Sources */ = {isa = PBXBuildFile; fileRef = 200CC2671F5B4B3B003EB584 /* ViewController.swift */; };
		200CC26B1F5B4B3B003EB584 /* Main.storyboard in Resources */ = {isa = PBXBuildFile; fileRef = 200CC2691F5B4B3B003EB584 /* Main.storyboard */; };
		200CC26E1F5B4B3B003EB584 /* PhotoGallery.xcdatamodeld in Sources */ = {isa = PBXBuildFile; fileRef = 200CC26C1F5B4B3B003EB584 /* PhotoGallery.xcdatamodeld */; };
		200CC2701F5B4B3B003EB584 /* Assets.xcassets in Resources */ = {isa = PBXBuildFile; fileRef = 200CC26F1F5B4B3B003EB584 /* Assets.xcassets */; };
		200CC2731F5B4B3B003EB584 /* LaunchScreen.storyboard in Resources */ = {isa = PBXBuildFile; fileRef = 200CC2711F5B4B3B003EB584 /* LaunchScreen.storyboard */; };
		200CC27B1F5B4D89003EB584 /* PhotoGalleryCollectionViewCell.swift in Sources */ = {isa = PBXBuildFile; fileRef = 200CC27A1F5B4D89003EB584 /* PhotoGalleryCollectionViewCell.swift */; };
/* End PBXBuildFile section */

/* Begin PBXFileReference section */
		200CC2621F5B4B3B003EB584 /* PhotoGallery.app */ = {isa = PBXFileReference; explicitFileType = wrapper.application; includeInIndex = 0; path = PhotoGallery.app; sourceTree = BUILT_PRODUCTS_DIR; };
		200CC2651F5B4B3B003EB584 /* AppDelegate.swift */ = {isa = PBXFileReference; lastKnownFileType = sourcecode.swift; path = AppDelegate.swift; sourceTree = "<group>"; };
		200CC2671F5B4B3B003EB584 /* ViewController.swift */ = {isa = PBXFileReference; lastKnownFileType = sourcecode.swift; path = ViewController.swift; sourceTree = "<group>"; };
		200CC26A1F5B4B3B003EB584 /* Base */ = {isa = PBXFileReference; lastKnownFileType = file.storyboard; name = Base; path = Base.lproj/Main.storyboard; sourceTree = "<group>"; };
		200CC26D1F5B4B3B003EB584 /* PhotoGallery.xcdatamodel */ = {isa = PBXFileReference; lastKnownFileType = wrapper.xcdatamodel; path = PhotoGallery.xcdatamodel; sourceTree = "<group>"; };
		200CC26F1F5B4B3B003EB584 /* Assets.xcassets */ = {isa = PBXFileReference; lastKnownFileType = folder.assetcatalog; path = Assets.xcassets; sourceTree = "<group>"; };
		200CC2721F5B4B3B003EB584 /* Base */ = {isa = PBXFileReference; lastKnownFileType = file.storyboard; name = Base; path = Base.lproj/LaunchScreen.storyboard; sourceTree = "<group>"; };
		200CC2741F5B4B3B003EB584 /* Info.plist */ = {isa = PBXFileReference; lastKnownFileType = text.plist.xml; path = Info.plist; sourceTree = "<group>"; };
		200CC27A1F5B4D89003EB584 /* PhotoGalleryCollectionViewCell.swift */ = {isa = PBXFileReference; fileEncoding = 4; lastKnownFileType = sourcecode.swift; path = PhotoGalleryCollectionViewCell.swift; sourceTree = "<group>"; };
/* End PBXFileReference section */

/* Begin PBXFrameworksBuildPhase section */
		200CC25F1F5B4B3B003EB584 /* Frameworks */ = {
			isa = PBXFrameworksBuildPhase;
			buildActionMask = 2147483647;
			files = (
			);
			runOnlyForDeploymentPostprocessing = 0;
		};
/* End PBXFrameworksBuildPhase section */

/* Begin PBXGroup section */
		200CC2591F5B4B3B003EB584 = {
			isa = PBXGroup;
			children = (
				200CC2641F5B4B3B003EB584 /* PhotoGallery */,
				200CC2631F5B4B3B003EB584 /* Products */,
			);
			sourceTree = "<group>";
		};
		200CC2631F5B4B3B003EB584 /* Products */ = {
			isa = PBXGroup;
			children = (
				200CC2621F5B4B3B003EB584 /* PhotoGallery.app */,
			);
			name = Products;
			sourceTree = "<group>";
		};
		200CC2641F5B4B3B003EB584 /* PhotoGallery */ = {
			isa = PBXGroup;
			children = (
				200CC2651F5B4B3B003EB584 /* AppDelegate.swift */,
				200CC2671F5B4B3B003EB584 /* ViewController.swift */,
				200CC2691F5B4B3B003EB584 /* Main.storyboard */,
				200CC27A1F5B4D89003EB584 /* PhotoGalleryCollectionViewCell.swift */,
				200CC26F1F5B4B3B003EB584 /* Assets.xcassets */,
				200CC2711F5B4B3B003EB584 /* LaunchScreen.storyboard */,
				200CC2741F5B4B3B003EB584 /* Info.plist */,
				200CC26C1F5B4B3B003EB584 /* PhotoGallery.xcdatamodeld */,
			);
			path = PhotoGallery;
			sourceTree = "<group>";
		};
/* End PBXGroup section */

/* Begin PBXNativeTarget section */
		200CC2611F5B4B3B003EB584 /* PhotoGallery */ = {
			isa = PBXNativeTarget;
			buildConfigurationList = 200CC2771F5B4B3B003EB584 /* Build configuration list for PBXNativeTarget "PhotoGallery" */;
			buildPhases = (
				200CC25E1F5B4B3B003EB584 /* Sources */,
				200CC25F1F5B4B3B003EB584 /* Frameworks */,
				200CC2601F5B4B3B003EB584 /* Resources */,
			);
			buildRules = (
			);
			dependencies = (
			);
			name = PhotoGallery;
			productName = PhotoGallery;
			productReference = 200CC2621F5B4B3B003EB584 /* PhotoGallery.app */;
			productType = "com.apple.product-type.application";
		};
/* End PBXNativeTarget section */

/* Begin PBXProject section */
		200CC25A1F5B4B3B003EB584 /* Project object */ = {
			isa = PBXProject;
			attributes = {
				LastSwiftUpdateCheck = 0830;
				LastUpgradeCheck = 0830;
				ORGANIZATIONNAME = "Muhammed Esad Kaya";
				TargetAttributes = {
					200CC2611F5B4B3B003EB584 = {
						CreatedOnToolsVersion = 8.3.3;
						ProvisioningStyle = Automatic;
					};
				};
			};
			buildConfigurationList = 200CC25D1F5B4B3B003EB584 /* Build configuration list for PBXProject "PhotoGallery" */;
			compatibilityVersion = "Xcode 3.2";
			developmentRegion = English;
			hasScannedForEncodings = 0;
			knownRegions = (
				en,
				Base,
			);
			mainGroup = 200CC2591F5B4B3B003EB584;
			productRefGroup = 200CC2631F5B4B3B003EB584 /* Products */;
			projectDirPath = "";
			projectRoot = "";
			targets = (
				200CC2611F5B4B3B003EB584 /* PhotoGallery */,
			);
		};
/* End PBXProject section */

/* Begin PBXResourcesBuildPhase section */
		200CC2601F5B4B3B003EB584 /* Resources */ = {
			isa = PBXResourcesBuildPhase;
			buildActionMask = 2147483647;
			files = (
				200CC2731F5B4B3B003EB584 /* LaunchScreen.storyboard in Resources */,
				200CC2701F5B4B3B003EB584 /* Assets.xcassets in Resources */,
				200CC26B1F5B4B3B003EB584 /* Main.storyboard in Resources */,
			);
			runOnlyForDeploymentPostprocessing = 0;
		};
/* End PBXResourcesBuildPhase section */

/* Begin PBXSourcesBuildPhase section */
		200CC25E1F5B4B3B003EB584 /* Sources */ = {
			isa = PBXSourcesBuildPhase;
			buildActionMask = 2147483647;
			files = (
				200CC27B1F5B4D89003EB584 /* PhotoGalleryCollectionViewCell.swift in Sources */,
				200CC26E1F5B4B3B003EB584 /* PhotoGallery.xcdatamodeld in Sources */,
				200CC2681F5B4B3B003EB584 /* ViewController.swift in Sources */,
				200CC2661F5B4B3B003EB584 /* AppDelegate.swift in Sources */,
			);
			runOnlyForDeploymentPostprocessing = 0;
		};
/* End PBXSourcesBuildPhase section */

/* Begin PBXVariantGroup section */
		200CC2691F5B4B3B003EB584 /* Main.storyboard */ = {
			isa = PBXVariantGroup;
			children = (
				200CC26A1F5B4B3B003EB584 /* Base */,
			);
			name = Main.storyboard;
			sourceTree = "<group>";
		};
		200CC2711F5B4B3B003EB584 /* LaunchScreen.storyboard */ = {
			isa = PBXVariantGroup;
			children = (
				200CC2721F5B4B3B003EB584 /* Base */,
			);
			name = LaunchScreen.storyboard;
			sourceTree = "<group>";
		};
/* End PBXVariantGroup section */

/* Begin XCBuildConfiguration section */
		200CC2751F5B4B3B003EB584 /* Debug */ = {
			isa = XCBuildConfiguration;
			buildSettings = {
				ALWAYS_SEARCH_USER_PATHS = NO;
				CLANG_ANALYZER_NONNULL = YES;
				CLANG_ANALYZER_NUMBER_OBJECT_CONVERSION = YES_AGGRESSIVE;
				CLANG_CXX_LANGUAGE_STANDARD = "gnu++0x";
				CLANG_CXX_LIBRARY = "libc++";
				CLANG_ENABLE_MODULES = YES;
				CLANG_ENABLE_OBJC_ARC = YES;
				CLANG_WARN_BOOL_CONVERSION = YES;
				CLANG_WARN_CONSTANT_CONVERSION = YES;
				CLANG_WARN_DIRECT_OBJC_ISA_USAGE = YES_ERROR;
				CLANG_WARN_DOCUMENTATION_COMMENTS = YES;
				CLANG_WARN_EMPTY_BODY = YES;
				CLANG_WARN_ENUM_CONVERSION = YES;
				CLANG_WARN_INFINITE_RECURSION = YES;
				CLANG_WARN_INT_CONVERSION = YES;
				CLANG_WARN_OBJC_ROOT_CLASS = YES_ERROR;
				CLANG_WARN_SUSPICIOUS_MOVE = YES;
				CLANG_WARN_UNREACHABLE_CODE = YES;
				CLANG_WARN__DUPLICATE_METHOD_MATCH = YES;
				"CODE_SIGN_IDENTITY[sdk=iphoneos*]" = "iPhone Developer";
				COPY_PHASE_STRIP = NO;
				DEBUG_INFORMATION_FORMAT = dwarf;
				ENABLE_STRICT_OBJC_MSGSEND = YES;
				ENABLE_TESTABILITY = YES;
				GCC_C_LANGUAGE_STANDARD = gnu99;
				GCC_DYNAMIC_NO_PIC = NO;
				GCC_NO_COMMON_BLOCKS = YES;
				GCC_OPTIMIZATION_LEVEL = 0;
				GCC_PREPROCESSOR_DEFINITIONS = (
					"DEBUG=1",
					"$(inherited)",
				);
				GCC_WARN_64_TO_32_BIT_CONVERSION = YES;
				GCC_WARN_ABOUT_RETURN_TYPE = YES_ERROR;
				GCC_WARN_UNDECLARED_SELECTOR = YES;
				GCC_WARN_UNINITIALIZED_AUTOS = YES_AGGRESSIVE;
				GCC_WARN_UNUSED_FUNCTION = YES;
				GCC_WARN_UNUSED_VARIABLE = YES;
				IPHONEOS_DEPLOYMENT_TARGET = 10.3;
				MTL_ENABLE_DEBUG_INFO = YES;
				ONLY_ACTIVE_ARCH = YES;
				SDKROOT = iphoneos;
				SWIFT_ACTIVE_COMPILATION_CONDITIONS = DEBUG;
				SWIFT_OPTIMIZATION_LEVEL = "-Onone";
			};
			name = Debug;
		};
		200CC2761F5B4B3B003EB584 /* Release */ = {
			isa = XCBuildConfiguration;
			buildSettings = {
				ALWAYS_SEARCH_USER_PATHS = NO;
				CLANG_ANALYZER_NONNULL = YES;
				CLANG_ANALYZER_NUMBER_OBJECT_CONVERSION = YES_AGGRESSIVE;
				CLANG_CXX_LANGUAGE_STANDARD = "gnu++0x";
				CLANG_CXX_LIBRARY = "libc++";
				CLANG_ENABLE_MODULES = YES;
				CLANG_ENABLE_OBJC_ARC = YES;
				CLANG_WARN_BOOL_CONVERSION = YES;
				CLANG_WARN_CONSTANT_CONVERSION = YES;
				CLANG_WARN_DIRECT_OBJC_ISA_USAGE = YES_ERROR;
				CLANG_WARN_DOCUMENTATION_COMMENTS = YES;
				CLANG_WARN_EMPTY_BODY = YES;
				CLANG_WARN_ENUM_CONVERSION = YES;
				CLANG_WARN_INFINITE_RECURSION = YES;
				CLANG_WARN_INT_CONVERSION = YES;
				CLANG_WARN_OBJC_ROOT_CLASS = YES_ERROR;
				CLANG_WARN_SUSPICIOUS_MOVE = YES;
				CLANG_WARN_UNREACHABLE_CODE = YES;
				CLANG_WARN__DUPLICATE_METHOD_MATCH = YES;
				"CODE_SIGN_IDENTITY[sdk=iphoneos*]" = "iPhone Developer";
				COPY_PHASE_STRIP = NO;
				DEBUG_INFORMATION_FORMAT = "dwarf-with-dsym";
				ENABLE_NS_ASSERTIONS = NO;
				ENABLE_STRICT_OBJC_MSGSEND = YES;
				GCC_C_LANGUAGE_STANDARD = gnu99;
				GCC_NO_COMMON_BLOCKS = YES;
				GCC_WARN_64_TO_32_BIT_CONVERSION = YES;
				GCC_WARN_ABOUT_RETURN_TYPE = YES_ERROR;
				GCC_WARN_UNDECLARED_SELECTOR = YES;
				GCC_WARN_UNINITIALIZED_AUTOS = YES_AGGRESSIVE;
				GCC_WARN_UNUSED_FUNCTION = YES;
				GCC_WARN_UNUSED_VARIABLE = YES;
				IPHONEOS_DEPLOYMENT_TARGET = 10.3;
				MTL_ENABLE_DEBUG_INFO = NO;
				SDKROOT = iphoneos;
				SWIFT_OPTIMIZATION_LEVEL = "-Owholemodule";
				VALIDATE_PRODUCT = YES;
			};
			name = Release;
		};
		200CC2781F5B4B3B003EB584 /* Debug */ = {
			isa = XCBuildConfiguration;
			buildSettings = {
				ASSETCATALOG_COMPILER_APPICON_NAME = AppIcon;
				INFOPLIST_FILE = PhotoGallery/Info.plist;
				LD_RUNPATH_SEARCH_PATHS = "$(inherited) @executable_path/Frameworks";
				PRODUCT_BUNDLE_IDENTIFIER = mesadkaya.PhotoGallery;
				PRODUCT_NAME = "$(TARGET_NAME)";
				SWIFT_VERSION = 3.0;
			};
			name = Debug;
		};
		200CC2791F5B4B3B003EB584 /* Release */ = {
			isa = XCBuildConfiguration;
			buildSettings = {
				ASSETCATALOG_COMPILER_APPICON_NAME = AppIcon;
				INFOPLIST_FILE = PhotoGallery/Info.plist;
				LD_RUNPATH_SEARCH_PATHS = "$(inherited) @executable_path/Frameworks";
				PRODUCT_BUNDLE_IDENTIFIER = mesadkaya.PhotoGallery;
				PRODUCT_NAME = "$(TARGET_NAME)";
				SWIFT_VERSION = 3.0;
			};
			name = Release;
		};
/* End XCBuildConfiguration section */

/* Begin XCConfigurationList section */
		200CC25D1F5B4B3B003EB584 /* Build configuration list for PBXProject "PhotoGallery" */ = {
			isa = XCConfigurationList;
			buildConfigurations = (
				200CC2751F5B4B3B003EB584 /* Debug */,
				200CC2761F5B4B3B003EB584 /* Release */,
			);
			defaultConfigurationIsVisible = 0;
			defaultConfigurationName = Release;
		};
		200CC2771F5B4B3B003EB584 /* Build configuration list for PBXNativeTarget "PhotoGallery" */ = {
			isa = XCConfigurationList;
			buildConfigurations = (
				200CC2781F5B4B3B003EB584 /* Debug */,
				200CC2791F5B4B3B003EB584 /* Release */,
			);
			defaultConfigurationIsVisible = 0;
		};
/* End XCConfigurationList section */

/* Begin XCVersionGroup section */
		200CC26C1F5B4B3B003EB584 /* PhotoGallery.xcdatamodeld */ = {
			isa = XCVersionGroup;
			children = (
				200CC26D1F5B4B3B003EB584 /* PhotoGallery.xcdatamodel */,
			);
			currentVersion = 200CC26D1F5B4B3B003EB584 /* PhotoGallery.xcdatamodel */;
			path = PhotoGallery.xcdatamodeld;
			sourceTree = "<group>";
			versionGroupType = wrapper.xcdatamodel;
		};
/* End XCVersionGroup section */
	};
	rootObject = 200CC25A1F5B4B3B003EB584 /* Project object */;
}
